
Microsoft Visual Studio Solution File, Format Version 12.00
# Visual Studio 2012
Project("{FAE04EC0-301F-11D3-BF4B-00C04F79EFBC}") = "XamTest.iOS", "iOS\XamTest.iOS.csproj", "{2276D2D3-80F5-4A71-9E3A-120D527A0CC9}"
EndProject
Project("{FAE04EC0-301F-11D3-BF4B-00C04F79EFBC}") = "XamTest.Droid", "Droid\XamTest.Droid.csproj", "{03D320B4-A61C-48F0-8ECC-5B9FC1E9A905}"
EndProject
Project("{FAE04EC0-301F-11D3-BF4B-00C04F79EFBC}") = "Motion.Mobile.Core.BLE", "Motion.Mobile.Core.BLE\Motion.Mobile.Core.BLE.csproj", "{238F0080-DABB-4EDE-9548-F7032B6E6B92}"
EndProject
Project("{FAE04EC0-301F-11D3-BF4B-00C04F79EFBC}") = "Motion.Mobile.Core.BLE.Droid", "Motion.Mobile.Core.BLE.Droid\Motion.Mobile.Core.BLE.Droid.csproj", "{0F4C53F9-CADE-484F-BB88-0CAA5345A018}"
EndProject
Project("{FAE04EC0-301F-11D3-BF4B-00C04F79EFBC}") = "Motion.Mobile.Core.BLE.iOS", "Motion.Mobile.Core.BLE.iOS\Motion.Mobile.Core.BLE.iOS.csproj", "{1AC44AD5-DFFC-4370-9094-85EB692C8C0C}"
EndProject
Project("{FAE04EC0-301F-11D3-BF4B-00C04F79EFBC}") = "Motion.Core.SyncHandler", "Motion.Core.SyncHandler\Motion.Core.SyncHandler.csproj", "{449A1A08-784E-4AAF-985B-2D784E62FC2F}"
EndProject
Project("{FAE04EC0-301F-11D3-BF4B-00C04F79EFBC}") = "Motion.Core.Data", "Motion.Core.Data\Motion.Core.Data.csproj", "{87DF2A80-E7CB-4009-B8C5-7289F477DAC7}"
EndProject
Project("{FAE04EC0-301F-11D3-BF4B-00C04F79EFBC}") = "Motion.Mobile.Utilities", "Motion.Mobile.Utilities\Motion.Mobile.Utilities.csproj", "{075395FC-AD59-492A-B895-E9BA0001966C}"
EndProject
Project("{FAE04EC0-301F-11D3-BF4B-00C04F79EFBC}") = "Motion.Core.WSHandler", "Motion.Core.WSHandler\Motion.Core.WSHandler.csproj", "{A7A50F8B-A665-4E9F-870C-869F846F08EF}"
EndProject
Project("{FAE04EC0-301F-11D3-BF4B-00C04F79EFBC}") = "XamTest", "XamTest\XamTest.csproj", "{430D0458-49C8-48B7-911B-C3C753E5B094}"
EndProject
Project("{FAE04EC0-301F-11D3-BF4B-00C04F79EFBC}") = "QualcommBinder", "QualcommBinder\QualcommBinder.csproj", "{637DD08C-9448-48A1-9F4D-874C60A87037}"
EndProject
Project("{FAE04EC0-301F-11D3-BF4B-00C04F79EFBC}") = "TwoNetFrameworkBindingLibrary", "TwoNetFrameworkBindingLibrary\TwoNetFrameworkBindingLibrary.csproj", "{050574B7-1B74-4FD7-9CF7-F077DE8C0596}"
EndProject
Global
	GlobalSection(SolutionConfigurationPlatforms) = preSolution
		Debug|Any CPU = Debug|Any CPU
		Release|Any CPU = Release|Any CPU
		Debug|iPhoneSimulator = Debug|iPhoneSimulator
		Release|iPhone = Release|iPhone
		Release|iPhoneSimulator = Release|iPhoneSimulator
		Debug|iPhone = Debug|iPhone
	EndGlobalSection
	GlobalSection(ProjectConfigurationPlatforms) = postSolution
		{03D320B4-A61C-48F0-8ECC-5B9FC1E9A905}.Debug|Any CPU.ActiveCfg = Debug|Any CPU
		{03D320B4-A61C-48F0-8ECC-5B9FC1E9A905}.Debug|Any CPU.Build.0 = Debug|Any CPU
		{03D320B4-A61C-48F0-8ECC-5B9FC1E9A905}.Debug|iPhone.ActiveCfg = Debug|Any CPU
		{03D320B4-A61C-48F0-8ECC-5B9FC1E9A905}.Debug|iPhone.Build.0 = Debug|Any CPU
		{03D320B4-A61C-48F0-8ECC-5B9FC1E9A905}.Debug|iPhoneSimulator.ActiveCfg = Debug|Any CPU
		{03D320B4-A61C-48F0-8ECC-5B9FC1E9A905}.Debug|iPhoneSimulator.Build.0 = Debug|Any CPU
		{03D320B4-A61C-48F0-8ECC-5B9FC1E9A905}.Release|Any CPU.ActiveCfg = Release|Any CPU
		{03D320B4-A61C-48F0-8ECC-5B9FC1E9A905}.Release|Any CPU.Build.0 = Release|Any CPU
		{03D320B4-A61C-48F0-8ECC-5B9FC1E9A905}.Release|iPhone.ActiveCfg = Release|Any CPU
		{03D320B4-A61C-48F0-8ECC-5B9FC1E9A905}.Release|iPhone.Build.0 = Release|Any CPU
		{03D320B4-A61C-48F0-8ECC-5B9FC1E9A905}.Release|iPhoneSimulator.ActiveCfg = Release|Any CPU
		{03D320B4-A61C-48F0-8ECC-5B9FC1E9A905}.Release|iPhoneSimulator.Build.0 = Release|Any CPU
		{075395FC-AD59-492A-B895-E9BA0001966C}.Debug|Any CPU.ActiveCfg = Debug|Any CPU
		{075395FC-AD59-492A-B895-E9BA0001966C}.Debug|Any CPU.Build.0 = Debug|Any CPU
		{075395FC-AD59-492A-B895-E9BA0001966C}.Debug|iPhone.ActiveCfg = Debug|Any CPU
		{075395FC-AD59-492A-B895-E9BA0001966C}.Debug|iPhone.Build.0 = Debug|Any CPU
		{075395FC-AD59-492A-B895-E9BA0001966C}.Debug|iPhoneSimulator.ActiveCfg = Debug|Any CPU
		{075395FC-AD59-492A-B895-E9BA0001966C}.Debug|iPhoneSimulator.Build.0 = Debug|Any CPU
		{075395FC-AD59-492A-B895-E9BA0001966C}.Release|Any CPU.ActiveCfg = Release|Any CPU
		{075395FC-AD59-492A-B895-E9BA0001966C}.Release|Any CPU.Build.0 = Release|Any CPU
		{075395FC-AD59-492A-B895-E9BA0001966C}.Release|iPhone.ActiveCfg = Release|Any CPU
		{075395FC-AD59-492A-B895-E9BA0001966C}.Release|iPhone.Build.0 = Release|Any CPU
		{075395FC-AD59-492A-B895-E9BA0001966C}.Release|iPhoneSimulator.ActiveCfg = Release|Any CPU
		{075395FC-AD59-492A-B895-E9BA0001966C}.Release|iPhoneSimulator.Build.0 = Release|Any CPU
		{0F4C53F9-CADE-484F-BB88-0CAA5345A018}.Debug|Any CPU.ActiveCfg = Debug|Any CPU
		{0F4C53F9-CADE-484F-BB88-0CAA5345A018}.Debug|Any CPU.Build.0 = Debug|Any CPU
		{0F4C53F9-CADE-484F-BB88-0CAA5345A018}.Debug|iPhone.ActiveCfg = Debug|Any CPU
		{0F4C53F9-CADE-484F-BB88-0CAA5345A018}.Debug|iPhone.Build.0 = Debug|Any CPU
		{0F4C53F9-CADE-484F-BB88-0CAA5345A018}.Debug|iPhoneSimulator.ActiveCfg = Debug|Any CPU
		{0F4C53F9-CADE-484F-BB88-0CAA5345A018}.Debug|iPhoneSimulator.Build.0 = Debug|Any CPU
		{0F4C53F9-CADE-484F-BB88-0CAA5345A018}.Release|Any CPU.ActiveCfg = Release|Any CPU
		{0F4C53F9-CADE-484F-BB88-0CAA5345A018}.Release|Any CPU.Build.0 = Release|Any CPU
		{0F4C53F9-CADE-484F-BB88-0CAA5345A018}.Release|iPhone.ActiveCfg = Release|Any CPU
		{0F4C53F9-CADE-484F-BB88-0CAA5345A018}.Release|iPhone.Build.0 = Release|Any CPU
		{0F4C53F9-CADE-484F-BB88-0CAA5345A018}.Release|iPhoneSimulator.ActiveCfg = Release|Any CPU
		{0F4C53F9-CADE-484F-BB88-0CAA5345A018}.Release|iPhoneSimulator.Build.0 = Release|Any CPU
		{1AC44AD5-DFFC-4370-9094-85EB692C8C0C}.Debug|Any CPU.ActiveCfg = Debug|Any CPU
		{1AC44AD5-DFFC-4370-9094-85EB692C8C0C}.Debug|Any CPU.Build.0 = Debug|Any CPU
		{1AC44AD5-DFFC-4370-9094-85EB692C8C0C}.Debug|iPhone.ActiveCfg = Debug|Any CPU
		{1AC44AD5-DFFC-4370-9094-85EB692C8C0C}.Debug|iPhone.Build.0 = Debug|Any CPU
		{1AC44AD5-DFFC-4370-9094-85EB692C8C0C}.Debug|iPhoneSimulator.ActiveCfg = Debug|Any CPU
		{1AC44AD5-DFFC-4370-9094-85EB692C8C0C}.Debug|iPhoneSimulator.Build.0 = Debug|Any CPU
		{1AC44AD5-DFFC-4370-9094-85EB692C8C0C}.Release|Any CPU.ActiveCfg = Release|Any CPU
		{1AC44AD5-DFFC-4370-9094-85EB692C8C0C}.Release|Any CPU.Build.0 = Release|Any CPU
		{1AC44AD5-DFFC-4370-9094-85EB692C8C0C}.Release|iPhone.ActiveCfg = Release|Any CPU
		{1AC44AD5-DFFC-4370-9094-85EB692C8C0C}.Release|iPhone.Build.0 = Release|Any CPU
		{1AC44AD5-DFFC-4370-9094-85EB692C8C0C}.Release|iPhoneSimulator.ActiveCfg = Release|Any CPU
		{1AC44AD5-DFFC-4370-9094-85EB692C8C0C}.Release|iPhoneSimulator.Build.0 = Release|Any CPU
		{2276D2D3-80F5-4A71-9E3A-120D527A0CC9}.Debug|Any CPU.ActiveCfg = Debug|iPhoneSimulator
		{2276D2D3-80F5-4A71-9E3A-120D527A0CC9}.Debug|Any CPU.Build.0 = Debug|iPhoneSimulator
		{2276D2D3-80F5-4A71-9E3A-120D527A0CC9}.Debug|iPhone.ActiveCfg = Debug|iPhone
		{2276D2D3-80F5-4A71-9E3A-120D527A0CC9}.Debug|iPhone.Build.0 = Debug|iPhone
		{2276D2D3-80F5-4A71-9E3A-120D527A0CC9}.Debug|iPhoneSimulator.ActiveCfg = Debug|iPhoneSimulator
		{2276D2D3-80F5-4A71-9E3A-120D527A0CC9}.Debug|iPhoneSimulator.Build.0 = Debug|iPhoneSimulator
		{2276D2D3-80F5-4A71-9E3A-120D527A0CC9}.Release|Any CPU.ActiveCfg = Release|iPhone
		{2276D2D3-80F5-4A71-9E3A-120D527A0CC9}.Release|Any CPU.Build.0 = Release|iPhone
		{2276D2D3-80F5-4A71-9E3A-120D527A0CC9}.Release|iPhone.ActiveCfg = Release|iPhone
		{2276D2D3-80F5-4A71-9E3A-120D527A0CC9}.Release|iPhone.Build.0 = Release|iPhone
		{2276D2D3-80F5-4A71-9E3A-120D527A0CC9}.Release|iPhoneSimulator.ActiveCfg = Release|iPhoneSimulator
		{2276D2D3-80F5-4A71-9E3A-120D527A0CC9}.Release|iPhoneSimulator.Build.0 = Release|iPhoneSimulator
		{238F0080-DABB-4EDE-9548-F7032B6E6B92}.Debug|Any CPU.ActiveCfg = Debug|Any CPU
		{238F0080-DABB-4EDE-9548-F7032B6E6B92}.Debug|Any CPU.Build.0 = Debug|Any CPU
		{238F0080-DABB-4EDE-9548-F7032B6E6B92}.Debug|iPhone.ActiveCfg = Debug|Any CPU
		{238F0080-DABB-4EDE-9548-F7032B6E6B92}.Debug|iPhone.Build.0 = Debug|Any CPU
		{238F0080-DABB-4EDE-9548-F7032B6E6B92}.Debug|iPhoneSimulator.ActiveCfg = Debug|Any CPU
		{238F0080-DABB-4EDE-9548-F7032B6E6B92}.Debug|iPhoneSimulator.Build.0 = Debug|Any CPU
		{238F0080-DABB-4EDE-9548-F7032B6E6B92}.Release|Any CPU.ActiveCfg = Release|Any CPU
		{238F0080-DABB-4EDE-9548-F7032B6E6B92}.Release|Any CPU.Build.0 = Release|Any CPU
		{238F0080-DABB-4EDE-9548-F7032B6E6B92}.Release|iPhone.ActiveCfg = Release|Any CPU
		{238F0080-DABB-4EDE-9548-F7032B6E6B92}.Release|iPhone.Build.0 = Release|Any CPU
		{238F0080-DABB-4EDE-9548-F7032B6E6B92}.Release|iPhoneSimulator.ActiveCfg = Release|Any CPU
		{238F0080-DABB-4EDE-9548-F7032B6E6B92}.Release|iPhoneSimulator.Build.0 = Release|Any CPU
		{449A1A08-784E-4AAF-985B-2D784E62FC2F}.Debug|Any CPU.ActiveCfg = Debug|Any CPU
		{449A1A08-784E-4AAF-985B-2D784E62FC2F}.Debug|Any CPU.Build.0 = Debug|Any CPU
		{449A1A08-784E-4AAF-985B-2D784E62FC2F}.Debug|iPhone.ActiveCfg = Debug|Any CPU
		{449A1A08-784E-4AAF-985B-2D784E62FC2F}.Debug|iPhone.Build.0 = Debug|Any CPU
		{449A1A08-784E-4AAF-985B-2D784E62FC2F}.Debug|iPhoneSimulator.ActiveCfg = Debug|Any CPU
		{449A1A08-784E-4AAF-985B-2D784E62FC2F}.Debug|iPhoneSimulator.Build.0 = Debug|Any CPU
		{449A1A08-784E-4AAF-985B-2D784E62FC2F}.Release|Any CPU.ActiveCfg = Release|Any CPU
		{449A1A08-784E-4AAF-985B-2D784E62FC2F}.Release|Any CPU.Build.0 = Release|Any CPU
		{449A1A08-784E-4AAF-985B-2D784E62FC2F}.Release|iPhone.ActiveCfg = Release|Any CPU
		{449A1A08-784E-4AAF-985B-2D784E62FC2F}.Release|iPhone.Build.0 = Release|Any CPU
		{449A1A08-784E-4AAF-985B-2D784E62FC2F}.Release|iPhoneSimulator.ActiveCfg = Release|Any CPU
		{449A1A08-784E-4AAF-985B-2D784E62FC2F}.Release|iPhoneSimulator.Build.0 = Release|Any CPU
		{87DF2A80-E7CB-4009-B8C5-7289F477DAC7}.Debug|Any CPU.ActiveCfg = Debug|Any CPU
		{87DF2A80-E7CB-4009-B8C5-7289F477DAC7}.Debug|Any CPU.Build.0 = Debug|Any CPU
		{87DF2A80-E7CB-4009-B8C5-7289F477DAC7}.Debug|iPhone.ActiveCfg = Debug|Any CPU
		{87DF2A80-E7CB-4009-B8C5-7289F477DAC7}.Debug|iPhone.Build.0 = Debug|Any CPU
		{87DF2A80-E7CB-4009-B8C5-7289F477DAC7}.Debug|iPhoneSimulator.ActiveCfg = Debug|Any CPU
		{87DF2A80-E7CB-4009-B8C5-7289F477DAC7}.Debug|iPhoneSimulator.Build.0 = Debug|Any CPU
		{87DF2A80-E7CB-4009-B8C5-7289F477DAC7}.Release|Any CPU.ActiveCfg = Release|Any CPU
		{87DF2A80-E7CB-4009-B8C5-7289F477DAC7}.Release|Any CPU.Build.0 = Release|Any CPU
		{87DF2A80-E7CB-4009-B8C5-7289F477DAC7}.Release|iPhone.ActiveCfg = Release|Any CPU
		{87DF2A80-E7CB-4009-B8C5-7289F477DAC7}.Release|iPhone.Build.0 = Release|Any CPU
		{87DF2A80-E7CB-4009-B8C5-7289F477DAC7}.Release|iPhoneSimulator.ActiveCfg = Release|Any CPU
		{87DF2A80-E7CB-4009-B8C5-7289F477DAC7}.Release|iPhoneSimulator.Build.0 = Release|Any CPU
		{A7A50F8B-A665-4E9F-870C-869F846F08EF}.Debug|Any CPU.ActiveCfg = Debug|Any CPU
		{A7A50F8B-A665-4E9F-870C-869F846F08EF}.Debug|Any CPU.Build.0 = Debug|Any CPU
		{A7A50F8B-A665-4E9F-870C-869F846F08EF}.Debug|iPhone.ActiveCfg = Debug|Any CPU
		{A7A50F8B-A665-4E9F-870C-869F846F08EF}.Debug|iPhone.Build.0 = Debug|Any CPU
		{A7A50F8B-A665-4E9F-870C-869F846F08EF}.Debug|iPhoneSimulator.ActiveCfg = Debug|Any CPU
		{A7A50F8B-A665-4E9F-870C-869F846F08EF}.Debug|iPhoneSimulator.Build.0 = Debug|Any CPU
		{A7A50F8B-A665-4E9F-870C-869F846F08EF}.Release|Any CPU.ActiveCfg = Release|Any CPU
		{A7A50F8B-A665-4E9F-870C-869F846F08EF}.Release|Any CPU.Build.0 = Release|Any CPU
		{A7A50F8B-A665-4E9F-870C-869F846F08EF}.Release|iPhone.ActiveCfg = Release|Any CPU
		{A7A50F8B-A665-4E9F-870C-869F846F08EF}.Release|iPhone.Build.0 = Release|Any CPU
		{A7A50F8B-A665-4E9F-870C-869F846F08EF}.Release|iPhoneSimulator.ActiveCfg = Release|Any CPU
		{A7A50F8B-A665-4E9F-870C-869F846F08EF}.Release|iPhoneSimulator.Build.0 = Release|Any CPU
		{430D0458-49C8-48B7-911B-C3C753E5B094}.Debug|Any CPU.ActiveCfg = Debug|Any CPU
		{430D0458-49C8-48B7-911B-C3C753E5B094}.Debug|Any CPU.Build.0 = Debug|Any CPU
		{430D0458-49C8-48B7-911B-C3C753E5B094}.Release|Any CPU.ActiveCfg = Release|Any CPU
		{430D0458-49C8-48B7-911B-C3C753E5B094}.Release|Any CPU.Build.0 = Release|Any CPU
		{430D0458-49C8-48B7-911B-C3C753E5B094}.Debug|iPhoneSimulator.ActiveCfg = Debug|Any CPU
		{430D0458-49C8-48B7-911B-C3C753E5B094}.Debug|iPhoneSimulator.Build.0 = Debug|Any CPU
		{430D0458-49C8-48B7-911B-C3C753E5B094}.Release|iPhone.ActiveCfg = Release|Any CPU
		{430D0458-49C8-48B7-911B-C3C753E5B094}.Release|iPhone.Build.0 = Release|Any CPU
		{430D0458-49C8-48B7-911B-C3C753E5B094}.Release|iPhoneSimulator.ActiveCfg = Release|Any CPU
		{430D0458-49C8-48B7-911B-C3C753E5B094}.Release|iPhoneSimulator.Build.0 = Release|Any CPU
		{430D0458-49C8-48B7-911B-C3C753E5B094}.Debug|iPhone.ActiveCfg = Debug|Any CPU
		{430D0458-49C8-48B7-911B-C3C753E5B094}.Debug|iPhone.Build.0 = Debug|Any CPU
		{637DD08C-9448-48A1-9F4D-874C60A87037}.Debug|Any CPU.ActiveCfg = Debug|Any CPU
		{637DD08C-9448-48A1-9F4D-874C60A87037}.Debug|Any CPU.Build.0 = Debug|Any CPU
		{637DD08C-9448-48A1-9F4D-874C60A87037}.Release|Any CPU.ActiveCfg = Release|Any CPU
		{637DD08C-9448-48A1-9F4D-874C60A87037}.Release|Any CPU.Build.0 = Release|Any CPU
		{637DD08C-9448-48A1-9F4D-874C60A87037}.Debug|iPhoneSimulator.ActiveCfg = Debug|Any CPU
		{637DD08C-9448-48A1-9F4D-874C60A87037}.Debug|iPhoneSimulator.Build.0 = Debug|Any CPU
		{637DD08C-9448-48A1-9F4D-874C60A87037}.Release|iPhone.ActiveCfg = Release|Any CPU
		{637DD08C-9448-48A1-9F4D-874C60A87037}.Release|iPhone.Build.0 = Release|Any CPU
		{637DD08C-9448-48A1-9F4D-874C60A87037}.Release|iPhoneSimulator.ActiveCfg = Release|Any CPU
		{637DD08C-9448-48A1-9F4D-874C60A87037}.Release|iPhoneSimulator.Build.0 = Release|Any CPU
		{637DD08C-9448-48A1-9F4D-874C60A87037}.Debug|iPhone.ActiveCfg = Debug|Any CPU
		{637DD08C-9448-48A1-9F4D-874C60A87037}.Debug|iPhone.Build.0 = Debug|Any CPU
		{050574B7-1B74-4FD7-9CF7-F077DE8C0596}.Debug|Any CPU.ActiveCfg = Debug|Any CPU
		{050574B7-1B74-4FD7-9CF7-F077DE8C0596}.Debug|Any CPU.Build.0 = Debug|Any CPU
		{050574B7-1B74-4FD7-9CF7-F077DE8C0596}.Release|Any CPU.ActiveCfg = Release|Any CPU
		{050574B7-1B74-4FD7-9CF7-F077DE8C0596}.Release|Any CPU.Build.0 = Release|Any CPU
		{050574B7-1B74-4FD7-9CF7-F077DE8C0596}.Debug|iPhoneSimulator.ActiveCfg = Debug|Any CPU
		{050574B7-1B74-4FD7-9CF7-F077DE8C0596}.Debug|iPhoneSimulator.Build.0 = Debug|Any CPU
		{050574B7-1B74-4FD7-9CF7-F077DE8C0596}.Release|iPhone.ActiveCfg = Release|Any CPU
		{050574B7-1B74-4FD7-9CF7-F077DE8C0596}.Release|iPhone.Build.0 = Release|Any CPU
		{050574B7-1B74-4FD7-9CF7-F077DE8C0596}.Release|iPhoneSimulator.ActiveCfg = Release|Any CPU
		{050574B7-1B74-4FD7-9CF7-F077DE8C0596}.Release|iPhoneSimulator.Build.0 = Release|Any CPU
		{050574B7-1B74-4FD7-9CF7-F077DE8C0596}.Debug|iPhone.ActiveCfg = Debug|Any CPU
		{050574B7-1B74-4FD7-9CF7-F077DE8C0596}.Debug|iPhone.Build.0 = Debug|Any CPU
	EndGlobalSection
EndGlobal
